{
  "lockVersion": 1,
  "release": "0.1.0",
  "submodules": {
    "external/llama.cpp": "0ed235ea2c17a19fc8238668653946721ed136fd",
    "external/llama-swap": "32bc7813261000228ea5274d89a8c89e7cce2725",
    "external/whisper.cpp": "0ae02cdb2c7317b50991367c165736ce42ed96ac",
    "external/fabric": "a420eaf63c532094eb12bc90c91a227401e96c31"
  },
  "toolchain": {
    "python": "3.12",
    "cmake": "3.24",
    "cuda": "12.0"
  },
  "requirements": {
    "venv-litellm": "tools/litellm-requirements.lock"
  },
  "models": {
    "hermes-3-8b-q4_k_m.gguf": {
      "repo": "NousResearch/Hermes-3-Llama-3.1-8B-GGUF",
      "path": "Hermes-3-Llama-3.1-8B.Q4_K_M.gguf",
      "revision": "main",
      "sha256": null,
      "sizeGB": 5.0
    },
    "qwen3-8b-q4_k_m.gguf": {
      "repo": "Qwen/Qwen3-8B-GGUF",
      "path": "Qwen3-8B-Q4_K_M.gguf",
      "revision": "main",
      "sha256": null,
      "sizeGB": 5.0
    },
    "qwen-coder-7b-q4_k_m.gguf": {
      "repo": "bartowski/Qwen2.5-Coder-7B-Instruct-GGUF",
      "path": "Qwen2.5-Coder-7B-Instruct-Q4_K_M.gguf",
      "revision": "main",
      "sha256": null,
      "sizeGB": 4.7
    },
    "bge-m3-q8_0.gguf": {
      "repo": "gpustack/bge-m3-GGUF",
      "path": "bge-m3-Q8_0.gguf",
      "revision": "main",
      "sha256": null,
      "sizeGB": 0.6
    },
    "qwen-coder-1.5b-q8_0.gguf": {
      "repo": "Qwen/Qwen2.5-Coder-1.5B-Instruct-GGUF",
      "path": "qwen2.5-coder-1.5b-instruct-q8_0.gguf",
      "revision": "main",
      "sha256": null,
      "sizeGB": 1.9
    },
    "qwen3-14b-q4_k_m.gguf": {
      "repo": "Qwen/Qwen3-14B-GGUF",
      "path": "Qwen3-14B-Q4_K_M.gguf",
      "revision": "main",
      "sha256": null,
      "sizeGB": 8.4
    },
    "hermes-3-8b-q5_k_m.gguf": {
      "repo": "NousResearch/Hermes-3-Llama-3.1-8B-GGUF",
      "path": "Hermes-3-Llama-3.1-8B.Q5_K_M.gguf",
      "revision": "main",
      "sha256": "b2fb813afad50963f29a9e69cd844a02add63d6a29f965fef4e084fdd10075d3",
      "sizeGB": 6.0
    },
    "qwen-coder-14b-q4_k_m.gguf": {
      "repo": "bartowski/Qwen2.5-Coder-14B-Instruct-GGUF",
      "path": "Qwen2.5-Coder-14B-Instruct-Q4_K_M.gguf",
      "revision": "main",
      "sha256": null,
      "sizeGB": 8.4
    },
    "qwen-coder-3b-q8_0.gguf": {
      "repo": "Qwen/Qwen2.5-Coder-3B-Instruct-GGUF",
      "path": "qwen2.5-coder-3b-instruct-q8_0.gguf",
      "revision": "main",
      "sha256": null,
      "sizeGB": 3.4
    },
    "qwen3-30b-a3b-q4.gguf": {
      "repo": "Qwen/Qwen3-30B-A3B-GGUF",
      "path": "Qwen3-30B-A3B-Q4_K_M.gguf",
      "revision": "main",
      "sha256": null,
      "sizeGB": 17.3
    },
    "qwen2-vl-7b-q4_k_m.gguf": {
      "repo": "bartowski/Qwen2-VL-7B-Instruct-GGUF",
      "path": "Qwen2-VL-7B-Instruct-Q4_K_M.gguf",
      "revision": "main",
      "sha256": "30f199c2192fce1db0fbbbd484c7b2aa69ccce883890853f9807e1c837405a80",
      "sizeGB": 5.2,
      "mmproj": "mmproj-Qwen2-VL-7B-Instruct-f16.gguf"
    },
    "hermes-3-8b-q6_k.gguf": {
      "repo": "NousResearch/Hermes-3-Llama-3.1-8B-GGUF",
      "path": "Hermes-3-Llama-3.1-8B.Q6_K.gguf",
      "revision": "main",
      "sha256": null,
      "sizeGB": 7.0
    },
    "qwen3-14b-q6_k.gguf": {
      "repo": "bartowski/Qwen3-14B-GGUF",
      "path": "Qwen3-14B-Q6_K.gguf",
      "revision": "main",
      "sha256": null,
      "sizeGB": 10.7
    },
    "qwen-coder-14b-q6_k.gguf": {
      "repo": "bartowski/Qwen2.5-Coder-14B-Instruct-GGUF",
      "path": "Qwen2.5-Coder-14B-Instruct-Q6_K.gguf",
      "revision": "main",
      "sha256": null,
      "sizeGB": 10.7
    },
    "qwen3-30b-a3b-q5_k_m.gguf": {
      "repo": "bartowski/Qwen3-30B-A3B-GGUF",
      "path": "Qwen3-30B-A3B-Q5_K_M.gguf",
      "revision": "main",
      "sha256": null,
      "sizeGB": 21.3
    },
    "qwen2-vl-7b-q5_k_m.gguf": {
      "repo": "bartowski/Qwen2-VL-7B-Instruct-GGUF",
      "path": "Qwen2-VL-7B-Instruct-Q5_K_M.gguf",
      "revision": "main",
      "sha256": null,
      "sizeGB": 6.3,
      "mmproj": "mmproj-Qwen2-VL-7B-Instruct-f16.gguf"
    },
    "hermes-3-8b-q8_0.gguf": {
      "repo": "NousResearch/Hermes-3-Llama-3.1-8B-GGUF",
      "path": "Hermes-3-Llama-3.1-8B.Q8_0.gguf",
      "revision": "main",
      "sha256": null,
      "sizeGB": 8.5
    },
    "qwen3-14b-q8_0.gguf": {
      "repo": "bartowski/Qwen3-14B-GGUF",
      "path": "Qwen3-14B-Q8_0.gguf",
      "revision": "main",
      "sha256": null,
      "sizeGB": 15.0
    },
    "qwen-coder-14b-q8_0.gguf": {
      "repo": "bartowski/Qwen2.5-Coder-14B-Instruct-GGUF",
      "path": "Qwen2.5-Coder-14B-Instruct-Q8_0.gguf",
      "revision": "main",
      "sha256": null,
      "sizeGB": 15.0
    },
    "qwen3-30b-a3b-q6_k.gguf": {
      "repo": "bartowski/Qwen3-30B-A3B-GGUF",
      "path": "Qwen3-30B-A3B-Q6_K.gguf",
      "revision": "main",
      "sha256": null,
      "sizeGB": 24.2
    },
    "qwen2-vl-7b-q6_k.gguf": {
      "repo": "bartowski/Qwen2-VL-7B-Instruct-GGUF",
      "path": "Qwen2-VL-7B-Instruct-Q6_K.gguf",
      "revision": "main",
      "sha256": null,
      "sizeGB": 7.3,
      "mmproj": "mmproj-Qwen2-VL-7B-Instruct-f16.gguf"
    },
    "qwen3-4b-q4_k_m.gguf": {
      "repo": "Qwen/Qwen3-4B-GGUF",
      "path": "Qwen3-4B-Q4_K_M.gguf",
      "revision": "main",
      "sha256": null,
      "sizeGB": 2.6
    },
    "qwen2.5-0.5b-instruct-q8_0.gguf": {
      "repo": "unsloth/Qwen2.5-0.5B-Instruct-GGUF",
      "path": "Qwen2.5-0.5B-Instruct-Q8_0.gguf",
      "revision": "main",
      "sha256": null,
      "sizeGB": 0.5
    }
  }
}
